
Microsoft Visual Studio Solution File, Format Version 12.00
# Visual Studio Version 17
VisualStudioVersion = 17.8.34330.188
MinimumVisualStudioVersion = 10.0.40219.1
Project("{9A19103F-16F7-4668-BE54-9A1E7A4F7556}") = "NetSDRClient.App", "NetSDRClient.App\NetSDRClient.App.csproj", "{9F96C934-C028-4C05-B5E5-76155FCFE16A}"
EndProject
Project("{9A19103F-16F7-4668-BE54-9A1E7A4F7556}") = "NetSDRClient.Tests", "NetSDRClient.Tests\NetSDRClient.Tests.csproj", "{CDA9D71F-2103-41DD-84BE-59D89BC45C61}"
EndProject
Global
	GlobalSection(SolutionConfigurationPlatforms) = preSolution
		Debug|Any CPU = Debug|Any CPU
		Release|Any CPU = Release|Any CPU
	EndGlobalSection
	GlobalSection(ProjectConfigurationPlatforms) = postSolution
		{9F96C934-C028-4C05-B5E5-76155FCFE16A}.Debug|Any CPU.ActiveCfg = Debug|Any CPU
		{9F96C934-C028-4C05-B5E5-76155FCFE16A}.Debug|Any CPU.Build.0 = Debug|Any CPU
		{9F96C934-C028-4C05-B5E5-76155FCFE16A}.Release|Any CPU.ActiveCfg = Release|Any CPU
		{9F96C934-C028-4C05-B5E5-76155FCFE16A}.Release|Any CPU.Build.0 = Release|Any CPU
		{CDA9D71F-2103-41DD-84BE-59D89BC45C61}.Debug|Any CPU.ActiveCfg = Debug|Any CPU
		{CDA9D71F-2103-41DD-84BE-59D89BC45C61}.Debug|Any CPU.Build.0 = Debug|Any CPU
		{CDA9D71F-2103-41DD-84BE-59D89BC45C61}.Release|Any CPU.ActiveCfg = Release|Any CPU
		{CDA9D71F-2103-41DD-84BE-59D89BC45C61}.Release|Any CPU.Build.0 = Release|Any CPU
	EndGlobalSection
	GlobalSection(SolutionProperties) = preSolution
		HideSolutionNode = FALSE
	EndGlobalSection
	GlobalSection(ExtensibilityGlobals) = postSolution
		SolutionGuid = {4A37B43C-CF20-4D31-A5F3-6B46E8EBFCD6}
	EndGlobalSection
EndGlobal
